{
  "name": "focus-mode",
  "lockfileVersion": 2,
  "requires": true,
  "packages": {
    "": {
      "dependencies": {
        "chrome-types": "^0.1.208"
      }
    },
    "node_modules/chrome-types": {
      "version": "0.1.208",
      "resolved": "https://registry.npmjs.org/chrome-types/-/chrome-types-0.1.208.tgz",
      "integrity": "sha512-W6s4kupu0+c5jh+dJeDsMxyleLJWjxLv/1kPTAiozUU9tsUIae7XlW/RV/NuSTt7RBcZMJ67oRRQWLHx0+QpoQ=="
    }
  },
  "dependencies": {
    "chrome-types": {
      "version": "0.1.208",
      "resolved": "https://registry.npmjs.org/chrome-types/-/chrome-types-0.1.208.tgz",
      "integrity": "sha512-W6s4kupu0+c5jh+dJeDsMxyleLJWjxLv/1kPTAiozUU9tsUIae7XlW/RV/NuSTt7RBcZMJ67oRRQWLHx0+QpoQ=="
    }
  }
}
